
Microsoft Visual Studio Solution File, Format Version 12.00
# Visual Studio 2012
Project("{FAE04EC0-301F-11D3-BF4B-00C04F79EFBC}") = "ManningTable", "ManningTable\ManningTable.csproj", "{FD9833A2-805F-489F-B3DA-B664734C50A2}"
EndProject
Project("{FAE04EC0-301F-11D3-BF4B-00C04F79EFBC}") = "TestAppWPF", "TestAppWPF\TestAppWPF.csproj", "{2D9F5D31-0307-4A1E-9FBD-04744EA0FB6D}"
EndProject
Global
	GlobalSection(SolutionConfigurationPlatforms) = preSolution
		Debug|Any CPU = Debug|Any CPU
		Debug|Mixed Platforms = Debug|Mixed Platforms
		Debug|x86 = Debug|x86
		Release|Any CPU = Release|Any CPU
		Release|Mixed Platforms = Release|Mixed Platforms
		Release|x86 = Release|x86
	EndGlobalSection
	GlobalSection(ProjectConfigurationPlatforms) = postSolution
		{FD9833A2-805F-489F-B3DA-B664734C50A2}.Debug|Any CPU.ActiveCfg = Debug|Any CPU
		{FD9833A2-805F-489F-B3DA-B664734C50A2}.Debug|Any CPU.Build.0 = Debug|Any CPU
		{FD9833A2-805F-489F-B3DA-B664734C50A2}.Debug|Mixed Platforms.ActiveCfg = Debug|Any CPU
		{FD9833A2-805F-489F-B3DA-B664734C50A2}.Debug|Mixed Platforms.Build.0 = Debug|Any CPU
		{FD9833A2-805F-489F-B3DA-B664734C50A2}.Debug|x86.ActiveCfg = Debug|Any CPU
		{FD9833A2-805F-489F-B3DA-B664734C50A2}.Release|Any CPU.ActiveCfg = Release|Any CPU
		{FD9833A2-805F-489F-B3DA-B664734C50A2}.Release|Any CPU.Build.0 = Release|Any CPU
		{FD9833A2-805F-489F-B3DA-B664734C50A2}.Release|Mixed Platforms.ActiveCfg = Release|Any CPU
		{FD9833A2-805F-489F-B3DA-B664734C50A2}.Release|Mixed Platforms.Build.0 = Release|Any CPU
		{FD9833A2-805F-489F-B3DA-B664734C50A2}.Release|x86.ActiveCfg = Release|Any CPU
		{2D9F5D31-0307-4A1E-9FBD-04744EA0FB6D}.Debug|Any CPU.ActiveCfg = Debug|Any CPU
		{2D9F5D31-0307-4A1E-9FBD-04744EA0FB6D}.Debug|Any CPU.Build.0 = Debug|Any CPU
		{2D9F5D31-0307-4A1E-9FBD-04744EA0FB6D}.Debug|Mixed Platforms.ActiveCfg = Debug|Any CPU
		{2D9F5D31-0307-4A1E-9FBD-04744EA0FB6D}.Debug|Mixed Platforms.Build.0 = Debug|Any CPU
		{2D9F5D31-0307-4A1E-9FBD-04744EA0FB6D}.Debug|x86.ActiveCfg = Debug|Any CPU
		{2D9F5D31-0307-4A1E-9FBD-04744EA0FB6D}.Release|Any CPU.ActiveCfg = Release|Any CPU
		{2D9F5D31-0307-4A1E-9FBD-04744EA0FB6D}.Release|Any CPU.Build.0 = Release|Any CPU
		{2D9F5D31-0307-4A1E-9FBD-04744EA0FB6D}.Release|Mixed Platforms.ActiveCfg = Release|Any CPU
		{2D9F5D31-0307-4A1E-9FBD-04744EA0FB6D}.Release|Mixed Platforms.Build.0 = Release|Any CPU
		{2D9F5D31-0307-4A1E-9FBD-04744EA0FB6D}.Release|x86.ActiveCfg = Release|Any CPU
	EndGlobalSection
	GlobalSection(SolutionProperties) = preSolution
		HideSolutionNode = FALSE
	EndGlobalSection
EndGlobal
